
Microsoft Visual Studio Solution File, Format Version 10.00
# Visual Studio 2008
Project("{FAE04EC0-301F-11D3-BF4B-00C04F79EFBC}") = "Schnittstelle_NX", "Schnittstelle_NX.csproj", "{016627A0-0BF7-4FA0-9F89-13437DED7695}"
EndProject
Global
	GlobalSection(SolutionConfigurationPlatforms) = preSolution
		Debug|Any CPU = Debug|Any CPU
		Release|Any CPU = Release|Any CPU
	EndGlobalSection
	GlobalSection(ProjectConfigurationPlatforms) = postSolution
		{016627A0-0BF7-4FA0-9F89-13437DED7695}.Debug|Any CPU.ActiveCfg = Debug|Any CPU
		{016627A0-0BF7-4FA0-9F89-13437DED7695}.Debug|Any CPU.Build.0 = Debug|Any CPU
		{016627A0-0BF7-4FA0-9F89-13437DED7695}.Release|Any CPU.ActiveCfg = Release|Any CPU
		{016627A0-0BF7-4FA0-9F89-13437DED7695}.Release|Any CPU.Build.0 = Release|Any CPU
	EndGlobalSection
	GlobalSection(SolutionProperties) = preSolution
		HideSolutionNode = FALSE
	EndGlobalSection
EndGlobal
